{
  "requires": true,
  "lockfileVersion": 1,
  "dependencies": {
    "@types/lodash": {
      "version": "4.14.159",
      "resolved": "https://registry.npmjs.org/@types/lodash/-/lodash-4.14.159.tgz",
      "integrity": "sha512-gF7A72f7WQN33DpqOWw9geApQPh4M3PxluMtaHxWHXEGSN12/WbcEk/eNSqWNQcQhF66VSZ06vCF94CrHwXJDg=="
    },
    "@types/lodash.uniqueid": {
      "version": "4.0.6",
      "resolved": "https://registry.npmjs.org/@types/lodash.uniqueid/-/lodash.uniqueid-4.0.6.tgz",
      "integrity": "sha512-WXXsDm7Q1SiAeCG9ubCiDxOuLEDi5x+Crx8SgwTFgBtofATwK1jAeSbGz2bHlfqWezi7mcjynenlBFCeDLhHlw==",
      "requires": {
        "@types/lodash": "*"
      }
    }
  }
}
